// !$*UTF8*$!
{
	archiveVersion = 1;
	classes = {
	};
	objectVersion = 51;
	objects = {

/* Begin PBXBuildFile section */
		362F0F9E5163A3E576CC6D6E /* Pods_rmpdbill.framework in Frameworks */ = {isa = PBXBuildFile; fileRef = CF429FB718E49621E8FFB844 /* Pods_rmpdbill.framework */; };
		7B2D47F52336D1D5002D0928 /* Create.storyboard in Resources */ = {isa = PBXBuildFile; fileRef = 7B2D47F42336D1D5002D0928 /* Create.storyboard */; };
		8106EC6F23369C3600F2C996 /* BillAPIManager.m in Sources */ = {isa = PBXBuildFile; fileRef = 8106EC6E23369C3600F2C996 /* BillAPIManager.m */; };
		8106EC972336D5CC00F2C996 /* CreateViewController.m in Sources */ = {isa = PBXBuildFile; fileRef = 8106EC962336D5CC00F2C996 /* CreateViewController.m */; };
		8183FD972335EAC10052CB2A /* AppDelegate.m in Sources */ = {isa = PBXBuildFile; fileRef = 8183FD962335EAC10052CB2A /* AppDelegate.m */; };
		8183FD9A2335EAC10052CB2A /* ViewController.m in Sources */ = {isa = PBXBuildFile; fileRef = 8183FD992335EAC10052CB2A /* ViewController.m */; };
		8183FD9D2335EAC10052CB2A /* Main.storyboard in Resources */ = {isa = PBXBuildFile; fileRef = 8183FD9B2335EAC10052CB2A /* Main.storyboard */; };
		8183FD9F2335EAC20052CB2A /* Assets.xcassets in Resources */ = {isa = PBXBuildFile; fileRef = 8183FD9E2335EAC20052CB2A /* Assets.xcassets */; };
		8183FDA22335EAC20052CB2A /* LaunchScreen.storyboard in Resources */ = {isa = PBXBuildFile; fileRef = 8183FDA02335EAC20052CB2A /* LaunchScreen.storyboard */; };
		8183FDA52335EAC20052CB2A /* main.m in Sources */ = {isa = PBXBuildFile; fileRef = 8183FDA42335EAC20052CB2A /* main.m */; };
/* End PBXBuildFile section */

/* Begin PBXFileReference section */
		7B2D47F42336D1D5002D0928 /* Create.storyboard */ = {isa = PBXFileReference; lastKnownFileType = file.storyboard; path = Create.storyboard; sourceTree = "<group>"; };
		8106EC6D23369C3600F2C996 /* BillAPIManager.h */ = {isa = PBXFileReference; lastKnownFileType = sourcecode.c.h; path = BillAPIManager.h; sourceTree = "<group>"; };
		8106EC6E23369C3600F2C996 /* BillAPIManager.m */ = {isa = PBXFileReference; lastKnownFileType = sourcecode.c.objc; path = BillAPIManager.m; sourceTree = "<group>"; };
		8106EC952336D5CC00F2C996 /* CreateViewController.h */ = {isa = PBXFileReference; lastKnownFileType = sourcecode.c.h; path = CreateViewController.h; sourceTree = "<group>"; };
		8106EC962336D5CC00F2C996 /* CreateViewController.m */ = {isa = PBXFileReference; lastKnownFileType = sourcecode.c.objc; path = CreateViewController.m; sourceTree = "<group>"; };
		8183FD922335EAC10052CB2A /* rmpdbill.app */ = {isa = PBXFileReference; explicitFileType = wrapper.application; includeInIndex = 0; path = rmpdbill.app; sourceTree = BUILT_PRODUCTS_DIR; };
		8183FD952335EAC10052CB2A /* AppDelegate.h */ = {isa = PBXFileReference; lastKnownFileType = sourcecode.c.h; path = AppDelegate.h; sourceTree = "<group>"; };
		8183FD962335EAC10052CB2A /* AppDelegate.m */ = {isa = PBXFileReference; lastKnownFileType = sourcecode.c.objc; path = AppDelegate.m; sourceTree = "<group>"; };
		8183FD982335EAC10052CB2A /* ViewController.h */ = {isa = PBXFileReference; lastKnownFileType = sourcecode.c.h; path = ViewController.h; sourceTree = "<group>"; };
		8183FD992335EAC10052CB2A /* ViewController.m */ = {isa = PBXFileReference; lastKnownFileType = sourcecode.c.objc; path = ViewController.m; sourceTree = "<group>"; };
		8183FD9C2335EAC10052CB2A /* Base */ = {isa = PBXFileReference; lastKnownFileType = file.storyboard; name = Base; path = Base.lproj/Main.storyboard; sourceTree = "<group>"; };
		8183FD9E2335EAC20052CB2A /* Assets.xcassets */ = {isa = PBXFileReference; lastKnownFileType = folder.assetcatalog; path = Assets.xcassets; sourceTree = "<group>"; };
		8183FDA12335EAC20052CB2A /* Base */ = {isa = PBXFileReference; lastKnownFileType = file.storyboard; name = Base; path = Base.lproj/LaunchScreen.storyboard; sourceTree = "<group>"; };
		8183FDA32335EAC20052CB2A /* Info.plist */ = {isa = PBXFileReference; lastKnownFileType = text.plist.xml; path = Info.plist; sourceTree = "<group>"; };
		8183FDA42335EAC20052CB2A /* main.m */ = {isa = PBXFileReference; lastKnownFileType = sourcecode.c.objc; path = main.m; sourceTree = "<group>"; };
		92F8D23045311FCFC36D6545 /* Pods-rmpdbill.release.xcconfig */ = {isa = PBXFileReference; includeInIndex = 1; lastKnownFileType = text.xcconfig; name = "Pods-rmpdbill.release.xcconfig"; path = "Target Support Files/Pods-rmpdbill/Pods-rmpdbill.release.xcconfig"; sourceTree = "<group>"; };
		A908606C489F5F3250420393 /* Pods-rmpdbill.debug.xcconfig */ = {isa = PBXFileReference; includeInIndex = 1; lastKnownFileType = text.xcconfig; name = "Pods-rmpdbill.debug.xcconfig"; path = "Target Support Files/Pods-rmpdbill/Pods-rmpdbill.debug.xcconfig"; sourceTree = "<group>"; };
		CF429FB718E49621E8FFB844 /* Pods_rmpdbill.framework */ = {isa = PBXFileReference; explicitFileType = wrapper.framework; includeInIndex = 0; path = Pods_rmpdbill.framework; sourceTree = BUILT_PRODUCTS_DIR; };
/* End PBXFileReference section */

/* Begin PBXFrameworksBuildPhase section */
		8183FD8F2335EAC10052CB2A /* Frameworks */ = {
			isa = PBXFrameworksBuildPhase;
			buildActionMask = 2147483647;
			files = (
				362F0F9E5163A3E576CC6D6E /* Pods_rmpdbill.framework in Frameworks */,
			);
			runOnlyForDeploymentPostprocessing = 0;
		};
/* End PBXFrameworksBuildPhase section */

/* Begin PBXGroup section */
		8183FD892335EAC10052CB2A = {
			isa = PBXGroup;
			children = (
				8183FD942335EAC10052CB2A /* rmpdbill */,
				8183FD932335EAC10052CB2A /* Products */,
				F007A7B64D690DB9F7F0B694 /* Pods */,
				F10F90EE58AB5F50B0168BB4 /* Frameworks */,
			);
			sourceTree = "<group>";
		};
		8183FD932335EAC10052CB2A /* Products */ = {
			isa = PBXGroup;
			children = (
				8183FD922335EAC10052CB2A /* rmpdbill.app */,
			);
			name = Products;
			sourceTree = "<group>";
		};
		8183FD942335EAC10052CB2A /* rmpdbill */ = {
			isa = PBXGroup;
			children = (
				8183FDAE2335F0CD0052CB2A /* Models */,
				8183FDAD2335F0C60052CB2A /* APIManager */,
				8183FDAC2335F0BC0052CB2A /* Views */,
				8183FDAB2335F08B0052CB2A /* Features */,
				8183FD952335EAC10052CB2A /* AppDelegate.h */,
				8183FD962335EAC10052CB2A /* AppDelegate.m */,
				8183FD982335EAC10052CB2A /* ViewController.h */,
				8183FD992335EAC10052CB2A /* ViewController.m */,
				7B2D47F42336D1D5002D0928 /* Create.storyboard */,
				8106EC952336D5CC00F2C996 /* CreateViewController.h */,
				8106EC962336D5CC00F2C996 /* CreateViewController.m */,
				8183FD9B2335EAC10052CB2A /* Main.storyboard */,
				8183FD9E2335EAC20052CB2A /* Assets.xcassets */,
				8183FDA02335EAC20052CB2A /* LaunchScreen.storyboard */,
				8183FDA32335EAC20052CB2A /* Info.plist */,
				8183FDA42335EAC20052CB2A /* main.m */,
			);
			path = rmpdbill;
			sourceTree = "<group>";
		};
		8183FDAB2335F08B0052CB2A /* Features */ = {
			isa = PBXGroup;
			children = (
			);
			path = Features;
			sourceTree = "<group>";
		};
		8183FDAC2335F0BC0052CB2A /* Views */ = {
			isa = PBXGroup;
			children = (
			);
			path = Views;
			sourceTree = "<group>";
		};
		8183FDAD2335F0C60052CB2A /* APIManager */ = {
			isa = PBXGroup;
			children = (
				8106EC6D23369C3600F2C996 /* BillAPIManager.h */,
				8106EC6E23369C3600F2C996 /* BillAPIManager.m */,
			);
			path = APIManager;
			sourceTree = "<group>";
		};
		8183FDAE2335F0CD0052CB2A /* Models */ = {
			isa = PBXGroup;
			children = (
			);
			path = Models;
			sourceTree = "<group>";
		};
		F007A7B64D690DB9F7F0B694 /* Pods */ = {
			isa = PBXGroup;
			children = (
				A908606C489F5F3250420393 /* Pods-rmpdbill.debug.xcconfig */,
				92F8D23045311FCFC36D6545 /* Pods-rmpdbill.release.xcconfig */,
			);
			path = Pods;
			sourceTree = "<group>";
		};
		F10F90EE58AB5F50B0168BB4 /* Frameworks */ = {
			isa = PBXGroup;
			children = (
				CF429FB718E49621E8FFB844 /* Pods_rmpdbill.framework */,
			);
			name = Frameworks;
			sourceTree = "<group>";
		};
/* End PBXGroup section */

/* Begin PBXNativeTarget section */
		8183FD912335EAC10052CB2A /* rmpdbill */ = {
			isa = PBXNativeTarget;
			buildConfigurationList = 8183FDA82335EAC20052CB2A /* Build configuration list for PBXNativeTarget "rmpdbill" */;
			buildPhases = (
				14E42254D3C78AD2CBA956D7 /* [CP] Check Pods Manifest.lock */,
				8183FD8E2335EAC10052CB2A /* Sources */,
				8183FD8F2335EAC10052CB2A /* Frameworks */,
				8183FD902335EAC10052CB2A /* Resources */,
				83D515440B793C4BB61499A0 /* [CP] Embed Pods Frameworks */,
			);
			buildRules = (
			);
			dependencies = (
			);
			name = rmpdbill;
			productName = rmpdbill;
			productReference = 8183FD922335EAC10052CB2A /* rmpdbill.app */;
			productType = "com.apple.product-type.application";
		};
/* End PBXNativeTarget section */

/* Begin PBXProject section */
		8183FD8A2335EAC10052CB2A /* Project object */ = {
			isa = PBXProject;
			attributes = {
				LastUpgradeCheck = 1030;
				ORGANIZATIONNAME = "Rodrigo Andrade";
				TargetAttributes = {
					8183FD912335EAC10052CB2A = {
						CreatedOnToolsVersion = 10.3;
					};
				};
			};
			buildConfigurationList = 8183FD8D2335EAC10052CB2A /* Build configuration list for PBXProject "rmpdbill" */;
			compatibilityVersion = "Xcode 9.3";
			developmentRegion = en;
			hasScannedForEncodings = 0;
			knownRegions = (
				en,
				Base,
			);
			mainGroup = 8183FD892335EAC10052CB2A;
			productRefGroup = 8183FD932335EAC10052CB2A /* Products */;
			projectDirPath = "";
			projectRoot = "";
			targets = (
				8183FD912335EAC10052CB2A /* rmpdbill */,
			);
		};
/* End PBXProject section */

/* Begin PBXResourcesBuildPhase section */
		8183FD902335EAC10052CB2A /* Resources */ = {
			isa = PBXResourcesBuildPhase;
			buildActionMask = 2147483647;
			files = (
				7B2D47F52336D1D5002D0928 /* Create.storyboard in Resources */,
				8183FDA22335EAC20052CB2A /* LaunchScreen.storyboard in Resources */,
				8183FD9F2335EAC20052CB2A /* Assets.xcassets in Resources */,
				8183FD9D2335EAC10052CB2A /* Main.storyboard in Resources */,
			);
			runOnlyForDeploymentPostprocessing = 0;
		};
/* End PBXResourcesBuildPhase section */

/* Begin PBXShellScriptBuildPhase section */
		14E42254D3C78AD2CBA956D7 /* [CP] Check Pods Manifest.lock */ = {
			isa = PBXShellScriptBuildPhase;
			buildActionMask = 2147483647;
			files = (
			);
			inputFileListPaths = (
			);
			inputPaths = (
				"${PODS_PODFILE_DIR_PATH}/Podfile.lock",
				"${PODS_ROOT}/Manifest.lock",
			);
			name = "[CP] Check Pods Manifest.lock";
			outputFileListPaths = (
			);
			outputPaths = (
				"$(DERIVED_FILE_DIR)/Pods-rmpdbill-checkManifestLockResult.txt",
			);
			runOnlyForDeploymentPostprocessing = 0;
			shellPath = /bin/sh;
			shellScript = "diff \"${PODS_PODFILE_DIR_PATH}/Podfile.lock\" \"${PODS_ROOT}/Manifest.lock\" > /dev/null\nif [ $? != 0 ] ; then\n    # print error to STDERR\n    echo \"error: The sandbox is not in sync with the Podfile.lock. Run 'pod install' or update your CocoaPods installation.\" >&2\n    exit 1\nfi\n# This output is used by Xcode 'outputs' to avoid re-running this script phase.\necho \"SUCCESS\" > \"${SCRIPT_OUTPUT_FILE_0}\"\n";
			showEnvVarsInLog = 0;
		};
		83D515440B793C4BB61499A0 /* [CP] Embed Pods Frameworks */ = {
			isa = PBXShellScriptBuildPhase;
			buildActionMask = 2147483647;
			files = (
			);
			inputFileListPaths = (
				"${PODS_ROOT}/Target Support Files/Pods-rmpdbill/Pods-rmpdbill-frameworks-${CONFIGURATION}-input-files.xcfilelist",
			);
			name = "[CP] Embed Pods Frameworks";
			outputFileListPaths = (
				"${PODS_ROOT}/Target Support Files/Pods-rmpdbill/Pods-rmpdbill-frameworks-${CONFIGURATION}-output-files.xcfilelist",
			);
			runOnlyForDeploymentPostprocessing = 0;
			shellPath = /bin/sh;
			shellScript = "\"${PODS_ROOT}/Target Support Files/Pods-rmpdbill/Pods-rmpdbill-frameworks.sh\"\n";
			showEnvVarsInLog = 0;
		};
/* End PBXShellScriptBuildPhase section */

/* Begin PBXSourcesBuildPhase section */
		8183FD8E2335EAC10052CB2A /* Sources */ = {
			isa = PBXSourcesBuildPhase;
			buildActionMask = 2147483647;
			files = (
				8183FD9A2335EAC10052CB2A /* ViewController.m in Sources */,
				8183FDA52335EAC20052CB2A /* main.m in Sources */,
				8106EC972336D5CC00F2C996 /* CreateViewController.m in Sources */,
				8183FD972335EAC10052CB2A /* AppDelegate.m in Sources */,
				8106EC6F23369C3600F2C996 /* BillAPIManager.m in Sources */,
			);
			runOnlyForDeploymentPostprocessing = 0;
		};
/* End PBXSourcesBuildPhase section */

/* Begin PBXVariantGroup section */
		8183FD9B2335EAC10052CB2A /* Main.storyboard */ = {
			isa = PBXVariantGroup;
			children = (
				8183FD9C2335EAC10052CB2A /* Base */,
			);
			name = Main.storyboard;
			sourceTree = "<group>";
		};
		8183FDA02335EAC20052CB2A /* LaunchScreen.storyboard */ = {
			isa = PBXVariantGroup;
			children = (
				8183FDA12335EAC20052CB2A /* Base */,
			);
			name = LaunchScreen.storyboard;
			sourceTree = "<group>";
		};
/* End PBXVariantGroup section */

/* Begin XCBuildConfiguration section */
		8183FDA62335EAC20052CB2A /* Debug */ = {
			isa = XCBuildConfiguration;
			buildSettings = {
				ALWAYS_SEARCH_USER_PATHS = NO;
				CLANG_ANALYZER_NONNULL = YES;
				CLANG_ANALYZER_NUMBER_OBJECT_CONVERSION = YES_AGGRESSIVE;
				CLANG_CXX_LANGUAGE_STANDARD = "gnu++14";
				CLANG_CXX_LIBRARY = "libc++";
				CLANG_ENABLE_MODULES = YES;
				CLANG_ENABLE_OBJC_ARC = YES;
				CLANG_ENABLE_OBJC_WEAK = YES;
				CLANG_WARN_BLOCK_CAPTURE_AUTORELEASING = YES;
				CLANG_WARN_BOOL_CONVERSION = YES;
				CLANG_WARN_COMMA = YES;
				CLANG_WARN_CONSTANT_CONVERSION = YES;
				CLANG_WARN_DEPRECATED_OBJC_IMPLEMENTATIONS = YES;
				CLANG_WARN_DIRECT_OBJC_ISA_USAGE = YES_ERROR;
				CLANG_WARN_DOCUMENTATION_COMMENTS = YES;
				CLANG_WARN_EMPTY_BODY = YES;
				CLANG_WARN_ENUM_CONVERSION = YES;
				CLANG_WARN_INFINITE_RECURSION = YES;
				CLANG_WARN_INT_CONVERSION = YES;
				CLANG_WARN_NON_LITERAL_NULL_CONVERSION = YES;
				CLANG_WARN_OBJC_IMPLICIT_RETAIN_SELF = YES;
				CLANG_WARN_OBJC_LITERAL_CONVERSION = YES;
				CLANG_WARN_OBJC_ROOT_CLASS = YES_ERROR;
				CLANG_WARN_RANGE_LOOP_ANALYSIS = YES;
				CLANG_WARN_STRICT_PROTOTYPES = YES;
				CLANG_WARN_SUSPICIOUS_MOVE = YES;
				CLANG_WARN_UNGUARDED_AVAILABILITY = YES_AGGRESSIVE;
				CLANG_WARN_UNREACHABLE_CODE = YES;
				CLANG_WARN__DUPLICATE_METHOD_MATCH = YES;
				CODE_SIGN_IDENTITY = "iPhone Developer";
				COPY_PHASE_STRIP = NO;
				DEBUG_INFORMATION_FORMAT = dwarf;
				ENABLE_STRICT_OBJC_MSGSEND = YES;
				ENABLE_TESTABILITY = YES;
				GCC_C_LANGUAGE_STANDARD = gnu11;
				GCC_DYNAMIC_NO_PIC = NO;
				GCC_NO_COMMON_BLOCKS = YES;
				GCC_OPTIMIZATION_LEVEL = 0;
				GCC_PREPROCESSOR_DEFINITIONS = (
					"DEBUG=1",
					"$(inherited)",
				);
				GCC_WARN_64_TO_32_BIT_CONVERSION = YES;
				GCC_WARN_ABOUT_RETURN_TYPE = YES_ERROR;
				GCC_WARN_UNDECLARED_SELECTOR = YES;
				GCC_WARN_UNINITIALIZED_AUTOS = YES_AGGRESSIVE;
				GCC_WARN_UNUSED_FUNCTION = YES;
				GCC_WARN_UNUSED_VARIABLE = YES;
				IPHONEOS_DEPLOYMENT_TARGET = 12.4;
				MTL_ENABLE_DEBUG_INFO = INCLUDE_SOURCE;
				MTL_FAST_MATH = YES;
				ONLY_ACTIVE_ARCH = YES;
				SDKROOT = iphoneos;
			};
			name = Debug;
		};
		8183FDA72335EAC20052CB2A /* Release */ = {
			isa = XCBuildConfiguration;
			buildSettings = {
				ALWAYS_SEARCH_USER_PATHS = NO;
				CLANG_ANALYZER_NONNULL = YES;
				CLANG_ANALYZER_NUMBER_OBJECT_CONVERSION = YES_AGGRESSIVE;
				CLANG_CXX_LANGUAGE_STANDARD = "gnu++14";
				CLANG_CXX_LIBRARY = "libc++";
				CLANG_ENABLE_MODULES = YES;
				CLANG_ENABLE_OBJC_ARC = YES;
				CLANG_ENABLE_OBJC_WEAK = YES;
				CLANG_WARN_BLOCK_CAPTURE_AUTORELEASING = YES;
				CLANG_WARN_BOOL_CONVERSION = YES;
				CLANG_WARN_COMMA = YES;
				CLANG_WARN_CONSTANT_CONVERSION = YES;
				CLANG_WARN_DEPRECATED_OBJC_IMPLEMENTATIONS = YES;
				CLANG_WARN_DIRECT_OBJC_ISA_USAGE = YES_ERROR;
				CLANG_WARN_DOCUMENTATION_COMMENTS = YES;
				CLANG_WARN_EMPTY_BODY = YES;
				CLANG_WARN_ENUM_CONVERSION = YES;
				CLANG_WARN_INFINITE_RECURSION = YES;
				CLANG_WARN_INT_CONVERSION = YES;
				CLANG_WARN_NON_LITERAL_NULL_CONVERSION = YES;
				CLANG_WARN_OBJC_IMPLICIT_RETAIN_SELF = YES;
				CLANG_WARN_OBJC_LITERAL_CONVERSION = YES;
				CLANG_WARN_OBJC_ROOT_CLASS = YES_ERROR;
				CLANG_WARN_RANGE_LOOP_ANALYSIS = YES;
				CLANG_WARN_STRICT_PROTOTYPES = YES;
				CLANG_WARN_SUSPICIOUS_MOVE = YES;
				CLANG_WARN_UNGUARDED_AVAILABILITY = YES_AGGRESSIVE;
				CLANG_WARN_UNREACHABLE_CODE = YES;
				CLANG_WARN__DUPLICATE_METHOD_MATCH = YES;
				CODE_SIGN_IDENTITY = "iPhone Developer";
				COPY_PHASE_STRIP = NO;
				DEBUG_INFORMATION_FORMAT = "dwarf-with-dsym";
				ENABLE_NS_ASSERTIONS = NO;
				ENABLE_STRICT_OBJC_MSGSEND = YES;
				GCC_C_LANGUAGE_STANDARD = gnu11;
				GCC_NO_COMMON_BLOCKS = YES;
				GCC_WARN_64_TO_32_BIT_CONVERSION = YES;
				GCC_WARN_ABOUT_RETURN_TYPE = YES_ERROR;
				GCC_WARN_UNDECLARED_SELECTOR = YES;
				GCC_WARN_UNINITIALIZED_AUTOS = YES_AGGRESSIVE;
				GCC_WARN_UNUSED_FUNCTION = YES;
				GCC_WARN_UNUSED_VARIABLE = YES;
				IPHONEOS_DEPLOYMENT_TARGET = 12.4;
				MTL_ENABLE_DEBUG_INFO = NO;
				MTL_FAST_MATH = YES;
				SDKROOT = iphoneos;
				VALIDATE_PRODUCT = YES;
			};
			name = Release;
		};
		8183FDA92335EAC20052CB2A /* Debug */ = {
			isa = XCBuildConfiguration;
			baseConfigurationReference = A908606C489F5F3250420393 /* Pods-rmpdbill.debug.xcconfig */;
			buildSettings = {
				ASSETCATALOG_COMPILER_APPICON_NAME = AppIcon;
				CODE_SIGN_STYLE = Automatic;
				DEVELOPMENT_TEAM = MZ42CM9DG9;
				INFOPLIST_FILE = rmpdbill/Info.plist;
				LD_RUNPATH_SEARCH_PATHS = (
					"$(inherited)",
					"@executable_path/Frameworks",
				);
				PRODUCT_BUNDLE_IDENTIFIER = "com.Rodrigo-Andrade.rmpdbill";
				PRODUCT_NAME = "$(TARGET_NAME)";
				TARGETED_DEVICE_FAMILY = "1,2";
			};
			name = Debug;
		};
		8183FDAA2335EAC20052CB2A /* Release */ = {
			isa = XCBuildConfiguration;
			baseConfigurationReference = 92F8D23045311FCFC36D6545 /* Pods-rmpdbill.release.xcconfig */;
			buildSettings = {
				ASSETCATALOG_COMPILER_APPICON_NAME = AppIcon;
				CODE_SIGN_STYLE = Automatic;
				DEVELOPMENT_TEAM = MZ42CM9DG9;
				INFOPLIST_FILE = rmpdbill/Info.plist;
				LD_RUNPATH_SEARCH_PATHS = (
					"$(inherited)",
					"@executable_path/Frameworks",
				);
				PRODUCT_BUNDLE_IDENTIFIER = "com.Rodrigo-Andrade.rmpdbill";
				PRODUCT_NAME = "$(TARGET_NAME)";
				TARGETED_DEVICE_FAMILY = "1,2";
			};
			name = Release;
		};
/* End XCBuildConfiguration section */

/* Begin XCConfigurationList section */
		8183FD8D2335EAC10052CB2A /* Build configuration list for PBXProject "rmpdbill" */ = {
			isa = XCConfigurationList;
			buildConfigurations = (
				8183FDA62335EAC20052CB2A /* Debug */,
				8183FDA72335EAC20052CB2A /* Release */,
			);
			defaultConfigurationIsVisible = 0;
			defaultConfigurationName = Release;
		};
		8183FDA82335EAC20052CB2A /* Build configuration list for PBXNativeTarget "rmpdbill" */ = {
			isa = XCConfigurationList;
			buildConfigurations = (
				8183FDA92335EAC20052CB2A /* Debug */,
				8183FDAA2335EAC20052CB2A /* Release */,
			);
			defaultConfigurationIsVisible = 0;
			defaultConfigurationName = Release;
		};
/* End XCConfigurationList section */
	};
	rootObject = 8183FD8A2335EAC10052CB2A /* Project object */;
}
